{
  "name": "frontend",
  "lockfileVersion": 3,
  "requires": true,
  "packages": {
    "": {
      "name": "frontend",
      "dependencies": {
        "react18": "^0.0.1-security"
      }
    },
    "node_modules/react18": {
      "version": "0.0.1-security",
      "resolved": "https://registry.npmjs.org/react18/-/react18-0.0.1-security.tgz",
      "integrity": "sha512-x4c1q8t7R4EBxhR5dzLMaa1EPU8Nv9oNRXBxfBWsaHA09oTG29MG4ZE6lt+C4sBXnEyPUBNkDOE5nnkp+OYt/w=="
    }
  }
}
